// !$*UTF8*$!
{
	archiveVersion = 1;
	classes = {
	};
	objectVersion = 56;
	objects = {

/* Begin PBXBuildFile section */
		6A17D2CF2D928D340096D4EF /* RowView.swift in Sources */ = {isa = PBXBuildFile; fileRef = 6A17D2CE2D928D340096D4EF /* RowView.swift */; };
		6A17D2D12D928DDD0096D4EF /* DetailsAppCategoryView.swift in Sources */ = {isa = PBXBuildFile; fileRef = 6A17D2D02D928DDD0096D4EF /* DetailsAppCategoryView.swift */; };
		6A17D2D32D928FA90096D4EF /* TimeLimitView.swift in Sources */ = {isa = PBXBuildFile; fileRef = 6A17D2D22D928FA90096D4EF /* TimeLimitView.swift */; };
		6A17D2D52D9291340096D4EF /* CategoryLimitView.swift in Sources */ = {isa = PBXBuildFile; fileRef = 6A17D2D42D9291340096D4EF /* CategoryLimitView.swift */; };
		6A17D2D72D92929D0096D4EF /* SleepNotifView.swift in Sources */ = {isa = PBXBuildFile; fileRef = 6A17D2D62D92929D0096D4EF /* SleepNotifView.swift */; };
		6A17D2D92D9299F00096D4EF /* SwiftUIView.swift in Sources */ = {isa = PBXBuildFile; fileRef = 6A17D2D82D9299F00096D4EF /* SwiftUIView.swift */; };
		6A5272CA2D8C78BE004E5F5E /* CategoryViewModel.swift in Sources */ = {isa = PBXBuildFile; fileRef = 6A5272C92D8C78BE004E5F5E /* CategoryViewModel.swift */; };
		6A6EA39C2D647F9400E229B0 /* TimeTimeApp.swift in Sources */ = {isa = PBXBuildFile; fileRef = 6A6EA39B2D647F9400E229B0 /* TimeTimeApp.swift */; };
		6A6EA39E2D647F9400E229B0 /* ContentView.swift in Sources */ = {isa = PBXBuildFile; fileRef = 6A6EA39D2D647F9400E229B0 /* ContentView.swift */; };
		6A6EA3A02D647F9500E229B0 /* Assets.xcassets in Resources */ = {isa = PBXBuildFile; fileRef = 6A6EA39F2D647F9500E229B0 /* Assets.xcassets */; };
		6A6EA3A32D647F9500E229B0 /* Preview Assets.xcassets in Resources */ = {isa = PBXBuildFile; fileRef = 6A6EA3A22D647F9500E229B0 /* Preview Assets.xcassets */; };
		6AD5D4EB2D80179C00531707 /* HomeView.swift in Sources */ = {isa = PBXBuildFile; fileRef = 6AD5D4EA2D80179C00531707 /* HomeView.swift */; };
		6AD5D4ED2D8018A900531707 /* TimeView.swift in Sources */ = {isa = PBXBuildFile; fileRef = 6AD5D4EC2D8018A900531707 /* TimeView.swift */; };
		6AD5D4EF2D8018B600531707 /* CategoryView.swift in Sources */ = {isa = PBXBuildFile; fileRef = 6AD5D4EE2D8018B600531707 /* CategoryView.swift */; };
		6AD5D4F12D8018D500531707 /* SettingView.swift in Sources */ = {isa = PBXBuildFile; fileRef = 6AD5D4F02D8018D500531707 /* SettingView.swift */; };
		6AD5D4F42D80227B00531707 /* ColorExtension.swift in Sources */ = {isa = PBXBuildFile; fileRef = 6AD5D4F32D80227B00531707 /* ColorExtension.swift */; };
		6AEF79462D8AC155009123E6 /* TimeViewModel.swift in Sources */ = {isa = PBXBuildFile; fileRef = 6AEF79452D8AC155009123E6 /* TimeViewModel.swift */; };
		6AEF79482D8AC17B009123E6 /* TimeModel.swift in Sources */ = {isa = PBXBuildFile; fileRef = 6AEF79472D8AC17B009123E6 /* TimeModel.swift */; };
/* End PBXBuildFile section */

/* Begin PBXFileReference section */
		6A17D2CE2D928D340096D4EF /* RowView.swift */ = {isa = PBXFileReference; lastKnownFileType = sourcecode.swift; path = RowView.swift; sourceTree = "<group>"; };
		6A17D2D02D928DDD0096D4EF /* DetailsAppCategoryView.swift */ = {isa = PBXFileReference; lastKnownFileType = sourcecode.swift; path = DetailsAppCategoryView.swift; sourceTree = "<group>"; };
		6A17D2D22D928FA90096D4EF /* TimeLimitView.swift */ = {isa = PBXFileReference; lastKnownFileType = sourcecode.swift; path = TimeLimitView.swift; sourceTree = "<group>"; };
		6A17D2D42D9291340096D4EF /* CategoryLimitView.swift */ = {isa = PBXFileReference; lastKnownFileType = sourcecode.swift; path = CategoryLimitView.swift; sourceTree = "<group>"; };
		6A17D2D62D92929D0096D4EF /* SleepNotifView.swift */ = {isa = PBXFileReference; lastKnownFileType = sourcecode.swift; path = SleepNotifView.swift; sourceTree = "<group>"; };
		6A17D2D82D9299F00096D4EF /* SwiftUIView.swift */ = {isa = PBXFileReference; lastKnownFileType = sourcecode.swift; path = SwiftUIView.swift; sourceTree = "<group>"; };
		6A5272C92D8C78BE004E5F5E /* CategoryViewModel.swift */ = {isa = PBXFileReference; lastKnownFileType = sourcecode.swift; path = CategoryViewModel.swift; sourceTree = "<group>"; };
		6A6EA3982D647F9400E229B0 /* TimeTime.app */ = {isa = PBXFileReference; explicitFileType = wrapper.application; includeInIndex = 0; path = TimeTime.app; sourceTree = BUILT_PRODUCTS_DIR; };
		6A6EA39B2D647F9400E229B0 /* TimeTimeApp.swift */ = {isa = PBXFileReference; lastKnownFileType = sourcecode.swift; path = TimeTimeApp.swift; sourceTree = "<group>"; };
		6A6EA39D2D647F9400E229B0 /* ContentView.swift */ = {isa = PBXFileReference; lastKnownFileType = sourcecode.swift; path = ContentView.swift; sourceTree = "<group>"; };
		6A6EA39F2D647F9500E229B0 /* Assets.xcassets */ = {isa = PBXFileReference; lastKnownFileType = folder.assetcatalog; path = Assets.xcassets; sourceTree = "<group>"; };
		6A6EA3A22D647F9500E229B0 /* Preview Assets.xcassets */ = {isa = PBXFileReference; lastKnownFileType = folder.assetcatalog; path = "Preview Assets.xcassets"; sourceTree = "<group>"; };
		6AD5D4EA2D80179C00531707 /* HomeView.swift */ = {isa = PBXFileReference; lastKnownFileType = sourcecode.swift; path = HomeView.swift; sourceTree = "<group>"; };
		6AD5D4EC2D8018A900531707 /* TimeView.swift */ = {isa = PBXFileReference; lastKnownFileType = sourcecode.swift; path = TimeView.swift; sourceTree = "<group>"; };
		6AD5D4EE2D8018B600531707 /* CategoryView.swift */ = {isa = PBXFileReference; lastKnownFileType = sourcecode.swift; path = CategoryView.swift; sourceTree = "<group>"; };
		6AD5D4F02D8018D500531707 /* SettingView.swift */ = {isa = PBXFileReference; lastKnownFileType = sourcecode.swift; path = SettingView.swift; sourceTree = "<group>"; };
		6AD5D4F32D80227B00531707 /* ColorExtension.swift */ = {isa = PBXFileReference; lastKnownFileType = sourcecode.swift; path = ColorExtension.swift; sourceTree = "<group>"; };
		6AEF79452D8AC155009123E6 /* TimeViewModel.swift */ = {isa = PBXFileReference; lastKnownFileType = sourcecode.swift; path = TimeViewModel.swift; sourceTree = "<group>"; };
		6AEF79472D8AC17B009123E6 /* TimeModel.swift */ = {isa = PBXFileReference; lastKnownFileType = sourcecode.swift; path = TimeModel.swift; sourceTree = "<group>"; };
/* End PBXFileReference section */

/* Begin PBXFrameworksBuildPhase section */
		6A6EA3952D647F9400E229B0 /* Frameworks */ = {
			isa = PBXFrameworksBuildPhase;
			buildActionMask = 2147483647;
			files = (
			);
			runOnlyForDeploymentPostprocessing = 0;
		};
/* End PBXFrameworksBuildPhase section */

/* Begin PBXGroup section */
		6A6EA38F2D647F9400E229B0 = {
			isa = PBXGroup;
			children = (
				6A6EA39A2D647F9400E229B0 /* TimeTime */,
				6A6EA3992D647F9400E229B0 /* Products */,
			);
			sourceTree = "<group>";
		};
		6A6EA3992D647F9400E229B0 /* Products */ = {
			isa = PBXGroup;
			children = (
				6A6EA3982D647F9400E229B0 /* TimeTime.app */,
			);
			name = Products;
			sourceTree = "<group>";
		};
		6A6EA39A2D647F9400E229B0 /* TimeTime */ = {
			isa = PBXGroup;
			children = (
				6AD5D4F22D80223800531707 /* Extensions */,
				6A6EA3AB2D647FC600E229B0 /* Models */,
				6A6EA3AA2D647FBE00E229B0 /* Views */,
				6A6EA3A92D647FAE00E229B0 /* ViewModels */,
				6A6EA39B2D647F9400E229B0 /* TimeTimeApp.swift */,
				6A6EA39F2D647F9500E229B0 /* Assets.xcassets */,
				6A6EA3A12D647F9500E229B0 /* Preview Content */,
			);
			path = TimeTime;
			sourceTree = "<group>";
		};
		6A6EA3A12D647F9500E229B0 /* Preview Content */ = {
			isa = PBXGroup;
			children = (
				6A6EA3A22D647F9500E229B0 /* Preview Assets.xcassets */,
			);
			path = "Preview Content";
			sourceTree = "<group>";
		};
		6A6EA3A92D647FAE00E229B0 /* ViewModels */ = {
			isa = PBXGroup;
			children = (
				6AEF79452D8AC155009123E6 /* TimeViewModel.swift */,
				6A5272C92D8C78BE004E5F5E /* CategoryViewModel.swift */,
			);
			path = ViewModels;
			sourceTree = "<group>";
		};
		6A6EA3AA2D647FBE00E229B0 /* Views */ = {
			isa = PBXGroup;
			children = (
				6A6EA39D2D647F9400E229B0 /* ContentView.swift */,
				6AD5D4EA2D80179C00531707 /* HomeView.swift */,
				6AD5D4EC2D8018A900531707 /* TimeView.swift */,
				6AD5D4EE2D8018B600531707 /* CategoryView.swift */,
				6AD5D4F02D8018D500531707 /* SettingView.swift */,
				6A17D2CE2D928D340096D4EF /* RowView.swift */,
				6A17D2D02D928DDD0096D4EF /* DetailsAppCategoryView.swift */,
				6A17D2D22D928FA90096D4EF /* TimeLimitView.swift */,
				6A17D2D42D9291340096D4EF /* CategoryLimitView.swift */,
				6A17D2D62D92929D0096D4EF /* SleepNotifView.swift */,
				6A17D2D82D9299F00096D4EF /* SwiftUIView.swift */,
			);
			path = Views;
			sourceTree = "<group>";
		};
		6A6EA3AB2D647FC600E229B0 /* Models */ = {
			isa = PBXGroup;
			children = (
				6AEF79472D8AC17B009123E6 /* TimeModel.swift */,
			);
			path = Models;
			sourceTree = "<group>";
		};
		6AD5D4F22D80223800531707 /* Extensions */ = {
			isa = PBXGroup;
			children = (
				6AD5D4F32D80227B00531707 /* ColorExtension.swift */,
			);
			path = Extensions;
			sourceTree = "<group>";
		};
/* End PBXGroup section */

/* Begin PBXNativeTarget section */
		6A6EA3972D647F9400E229B0 /* TimeTime */ = {
			isa = PBXNativeTarget;
			buildConfigurationList = 6A6EA3A62D647F9500E229B0 /* Build configuration list for PBXNativeTarget "TimeTime" */;
			buildPhases = (
				6A6EA3942D647F9400E229B0 /* Sources */,
				6A6EA3952D647F9400E229B0 /* Frameworks */,
				6A6EA3962D647F9400E229B0 /* Resources */,
			);
			buildRules = (
			);
			dependencies = (
			);
			name = TimeTime;
			productName = TimeTime;
			productReference = 6A6EA3982D647F9400E229B0 /* TimeTime.app */;
			productType = "com.apple.product-type.application";
		};
/* End PBXNativeTarget section */

/* Begin PBXProject section */
		6A6EA3902D647F9400E229B0 /* Project object */ = {
			isa = PBXProject;
			attributes = {
				BuildIndependentTargetsInParallel = 1;
				LastSwiftUpdateCheck = 1540;
				LastUpgradeCheck = 1540;
				TargetAttributes = {
					6A6EA3972D647F9400E229B0 = {
						CreatedOnToolsVersion = 15.4;
					};
				};
			};
			buildConfigurationList = 6A6EA3932D647F9400E229B0 /* Build configuration list for PBXProject "TimeTime" */;
			compatibilityVersion = "Xcode 14.0";
			developmentRegion = en;
			hasScannedForEncodings = 0;
			knownRegions = (
				en,
				Base,
			);
			mainGroup = 6A6EA38F2D647F9400E229B0;
			productRefGroup = 6A6EA3992D647F9400E229B0 /* Products */;
			projectDirPath = "";
			projectRoot = "";
			targets = (
				6A6EA3972D647F9400E229B0 /* TimeTime */,
			);
		};
/* End PBXProject section */

/* Begin PBXResourcesBuildPhase section */
		6A6EA3962D647F9400E229B0 /* Resources */ = {
			isa = PBXResourcesBuildPhase;
			buildActionMask = 2147483647;
			files = (
				6A6EA3A32D647F9500E229B0 /* Preview Assets.xcassets in Resources */,
				6A6EA3A02D647F9500E229B0 /* Assets.xcassets in Resources */,
			);
			runOnlyForDeploymentPostprocessing = 0;
		};
/* End PBXResourcesBuildPhase section */

/* Begin PBXSourcesBuildPhase section */
		6A6EA3942D647F9400E229B0 /* Sources */ = {
			isa = PBXSourcesBuildPhase;
			buildActionMask = 2147483647;
			files = (
				6A17D2D52D9291340096D4EF /* CategoryLimitView.swift in Sources */,
				6AD5D4F12D8018D500531707 /* SettingView.swift in Sources */,
				6A17D2D92D9299F00096D4EF /* SwiftUIView.swift in Sources */,
				6AEF79462D8AC155009123E6 /* TimeViewModel.swift in Sources */,
				6A5272CA2D8C78BE004E5F5E /* CategoryViewModel.swift in Sources */,
				6A17D2D12D928DDD0096D4EF /* DetailsAppCategoryView.swift in Sources */,
				6AD5D4EB2D80179C00531707 /* HomeView.swift in Sources */,
				6A17D2D32D928FA90096D4EF /* TimeLimitView.swift in Sources */,
				6A6EA39E2D647F9400E229B0 /* ContentView.swift in Sources */,
				6AEF79482D8AC17B009123E6 /* TimeModel.swift in Sources */,
				6A6EA39C2D647F9400E229B0 /* TimeTimeApp.swift in Sources */,
				6AD5D4ED2D8018A900531707 /* TimeView.swift in Sources */,
				6A17D2D72D92929D0096D4EF /* SleepNotifView.swift in Sources */,
				6A17D2CF2D928D340096D4EF /* RowView.swift in Sources */,
				6AD5D4F42D80227B00531707 /* ColorExtension.swift in Sources */,
				6AD5D4EF2D8018B600531707 /* CategoryView.swift in Sources */,
			);
			runOnlyForDeploymentPostprocessing = 0;
		};
/* End PBXSourcesBuildPhase section */

/* Begin XCBuildConfiguration section */
		6A6EA3A42D647F9500E229B0 /* Debug */ = {
			isa = XCBuildConfiguration;
			buildSettings = {
				ALWAYS_SEARCH_USER_PATHS = NO;
				ASSETCATALOG_COMPILER_GENERATE_SWIFT_ASSET_SYMBOL_EXTENSIONS = YES;
				CLANG_ANALYZER_NONNULL = YES;
				CLANG_ANALYZER_NUMBER_OBJECT_CONVERSION = YES_AGGRESSIVE;
				CLANG_CXX_LANGUAGE_STANDARD = "gnu++20";
				CLANG_ENABLE_MODULES = YES;
				CLANG_ENABLE_OBJC_ARC = YES;
				CLANG_ENABLE_OBJC_WEAK = YES;
				CLANG_WARN_BLOCK_CAPTURE_AUTORELEASING = YES;
				CLANG_WARN_BOOL_CONVERSION = YES;
				CLANG_WARN_COMMA = YES;
				CLANG_WARN_CONSTANT_CONVERSION = YES;
				CLANG_WARN_DEPRECATED_OBJC_IMPLEMENTATIONS = YES;
				CLANG_WARN_DIRECT_OBJC_ISA_USAGE = YES_ERROR;
				CLANG_WARN_DOCUMENTATION_COMMENTS = YES;
				CLANG_WARN_EMPTY_BODY = YES;
				CLANG_WARN_ENUM_CONVERSION = YES;
				CLANG_WARN_INFINITE_RECURSION = YES;
				CLANG_WARN_INT_CONVERSION = YES;
				CLANG_WARN_NON_LITERAL_NULL_CONVERSION = YES;
				CLANG_WARN_OBJC_IMPLICIT_RETAIN_SELF = YES;
				CLANG_WARN_OBJC_LITERAL_CONVERSION = YES;
				CLANG_WARN_OBJC_ROOT_CLASS = YES_ERROR;
				CLANG_WARN_QUOTED_INCLUDE_IN_FRAMEWORK_HEADER = YES;
				CLANG_WARN_RANGE_LOOP_ANALYSIS = YES;
				CLANG_WARN_STRICT_PROTOTYPES = YES;
				CLANG_WARN_SUSPICIOUS_MOVE = YES;
				CLANG_WARN_UNGUARDED_AVAILABILITY = YES_AGGRESSIVE;
				CLANG_WARN_UNREACHABLE_CODE = YES;
				CLANG_WARN__DUPLICATE_METHOD_MATCH = YES;
				COPY_PHASE_STRIP = NO;
				DEBUG_INFORMATION_FORMAT = dwarf;
				ENABLE_STRICT_OBJC_MSGSEND = YES;
				ENABLE_TESTABILITY = YES;
				ENABLE_USER_SCRIPT_SANDBOXING = YES;
				GCC_C_LANGUAGE_STANDARD = gnu17;
				GCC_DYNAMIC_NO_PIC = NO;
				GCC_NO_COMMON_BLOCKS = YES;
				GCC_OPTIMIZATION_LEVEL = 0;
				GCC_PREPROCESSOR_DEFINITIONS = (
					"DEBUG=1",
					"$(inherited)",
				);
				GCC_WARN_64_TO_32_BIT_CONVERSION = YES;
				GCC_WARN_ABOUT_RETURN_TYPE = YES_ERROR;
				GCC_WARN_UNDECLARED_SELECTOR = YES;
				GCC_WARN_UNINITIALIZED_AUTOS = YES_AGGRESSIVE;
				GCC_WARN_UNUSED_FUNCTION = YES;
				GCC_WARN_UNUSED_VARIABLE = YES;
				IPHONEOS_DEPLOYMENT_TARGET = 17.5;
				LOCALIZATION_PREFERS_STRING_CATALOGS = YES;
				MTL_ENABLE_DEBUG_INFO = INCLUDE_SOURCE;
				MTL_FAST_MATH = YES;
				ONLY_ACTIVE_ARCH = YES;
				SDKROOT = iphoneos;
				SWIFT_ACTIVE_COMPILATION_CONDITIONS = "DEBUG $(inherited)";
				SWIFT_OPTIMIZATION_LEVEL = "-Onone";
			};
			name = Debug;
		};
		6A6EA3A52D647F9500E229B0 /* Release */ = {
			isa = XCBuildConfiguration;
			buildSettings = {
				ALWAYS_SEARCH_USER_PATHS = NO;
				ASSETCATALOG_COMPILER_GENERATE_SWIFT_ASSET_SYMBOL_EXTENSIONS = YES;
				CLANG_ANALYZER_NONNULL = YES;
				CLANG_ANALYZER_NUMBER_OBJECT_CONVERSION = YES_AGGRESSIVE;
				CLANG_CXX_LANGUAGE_STANDARD = "gnu++20";
				CLANG_ENABLE_MODULES = YES;
				CLANG_ENABLE_OBJC_ARC = YES;
				CLANG_ENABLE_OBJC_WEAK = YES;
				CLANG_WARN_BLOCK_CAPTURE_AUTORELEASING = YES;
				CLANG_WARN_BOOL_CONVERSION = YES;
				CLANG_WARN_COMMA = YES;
				CLANG_WARN_CONSTANT_CONVERSION = YES;
				CLANG_WARN_DEPRECATED_OBJC_IMPLEMENTATIONS = YES;
				CLANG_WARN_DIRECT_OBJC_ISA_USAGE = YES_ERROR;
				CLANG_WARN_DOCUMENTATION_COMMENTS = YES;
				CLANG_WARN_EMPTY_BODY = YES;
				CLANG_WARN_ENUM_CONVERSION = YES;
				CLANG_WARN_INFINITE_RECURSION = YES;
				CLANG_WARN_INT_CONVERSION = YES;
				CLANG_WARN_NON_LITERAL_NULL_CONVERSION = YES;
				CLANG_WARN_OBJC_IMPLICIT_RETAIN_SELF = YES;
				CLANG_WARN_OBJC_LITERAL_CONVERSION = YES;
				CLANG_WARN_OBJC_ROOT_CLASS = YES_ERROR;
				CLANG_WARN_QUOTED_INCLUDE_IN_FRAMEWORK_HEADER = YES;
				CLANG_WARN_RANGE_LOOP_ANALYSIS = YES;
				CLANG_WARN_STRICT_PROTOTYPES = YES;
				CLANG_WARN_SUSPICIOUS_MOVE = YES;
				CLANG_WARN_UNGUARDED_AVAILABILITY = YES_AGGRESSIVE;
				CLANG_WARN_UNREACHABLE_CODE = YES;
				CLANG_WARN__DUPLICATE_METHOD_MATCH = YES;
				COPY_PHASE_STRIP = NO;
				DEBUG_INFORMATION_FORMAT = "dwarf-with-dsym";
				ENABLE_NS_ASSERTIONS = NO;
				ENABLE_STRICT_OBJC_MSGSEND = YES;
				ENABLE_USER_SCRIPT_SANDBOXING = YES;
				GCC_C_LANGUAGE_STANDARD = gnu17;
				GCC_NO_COMMON_BLOCKS = YES;
				GCC_WARN_64_TO_32_BIT_CONVERSION = YES;
				GCC_WARN_ABOUT_RETURN_TYPE = YES_ERROR;
				GCC_WARN_UNDECLARED_SELECTOR = YES;
				GCC_WARN_UNINITIALIZED_AUTOS = YES_AGGRESSIVE;
				GCC_WARN_UNUSED_FUNCTION = YES;
				GCC_WARN_UNUSED_VARIABLE = YES;
				IPHONEOS_DEPLOYMENT_TARGET = 17.5;
				LOCALIZATION_PREFERS_STRING_CATALOGS = YES;
				MTL_ENABLE_DEBUG_INFO = NO;
				MTL_FAST_MATH = YES;
				SDKROOT = iphoneos;
				SWIFT_COMPILATION_MODE = wholemodule;
				VALIDATE_PRODUCT = YES;
			};
			name = Release;
		};
		6A6EA3A72D647F9500E229B0 /* Debug */ = {
			isa = XCBuildConfiguration;
			buildSettings = {
				ASSETCATALOG_COMPILER_APPICON_NAME = AppIcon;
				ASSETCATALOG_COMPILER_GLOBAL_ACCENT_COLOR_NAME = AccentColor;
				CODE_SIGN_STYLE = Automatic;
				CURRENT_PROJECT_VERSION = 1;
				DEVELOPMENT_ASSET_PATHS = "\"TimeTime/Preview Content\"";
				ENABLE_PREVIEWS = YES;
				GENERATE_INFOPLIST_FILE = YES;
				INFOPLIST_KEY_UIApplicationSceneManifest_Generation = YES;
				INFOPLIST_KEY_UIApplicationSupportsIndirectInputEvents = YES;
				INFOPLIST_KEY_UILaunchScreen_Generation = YES;
				INFOPLIST_KEY_UISupportedInterfaceOrientations_iPad = "UIInterfaceOrientationPortrait UIInterfaceOrientationPortraitUpsideDown UIInterfaceOrientationLandscapeLeft UIInterfaceOrientationLandscapeRight";
				INFOPLIST_KEY_UISupportedInterfaceOrientations_iPhone = "UIInterfaceOrientationPortrait UIInterfaceOrientationLandscapeLeft UIInterfaceOrientationLandscapeRight";
				LD_RUNPATH_SEARCH_PATHS = (
					"$(inherited)",
					"@executable_path/Frameworks",
				);
				MARKETING_VERSION = 1.0;
				PRODUCT_BUNDLE_IDENTIFIER = marvynlevin.TimeTime;
				PRODUCT_NAME = "$(TARGET_NAME)";
				SWIFT_EMIT_LOC_STRINGS = YES;
				SWIFT_VERSION = 5.0;
				TARGETED_DEVICE_FAMILY = "1,2";
			};
			name = Debug;
		};
		6A6EA3A82D647F9500E229B0 /* Release */ = {
			isa = XCBuildConfiguration;
			buildSettings = {
				ASSETCATALOG_COMPILER_APPICON_NAME = AppIcon;
				ASSETCATALOG_COMPILER_GLOBAL_ACCENT_COLOR_NAME = AccentColor;
				CODE_SIGN_STYLE = Automatic;
				CURRENT_PROJECT_VERSION = 1;
				DEVELOPMENT_ASSET_PATHS = "\"TimeTime/Preview Content\"";
				ENABLE_PREVIEWS = YES;
				GENERATE_INFOPLIST_FILE = YES;
				INFOPLIST_KEY_UIApplicationSceneManifest_Generation = YES;
				INFOPLIST_KEY_UIApplicationSupportsIndirectInputEvents = YES;
				INFOPLIST_KEY_UILaunchScreen_Generation = YES;
				INFOPLIST_KEY_UISupportedInterfaceOrientations_iPad = "UIInterfaceOrientationPortrait UIInterfaceOrientationPortraitUpsideDown UIInterfaceOrientationLandscapeLeft UIInterfaceOrientationLandscapeRight";
				INFOPLIST_KEY_UISupportedInterfaceOrientations_iPhone = "UIInterfaceOrientationPortrait UIInterfaceOrientationLandscapeLeft UIInterfaceOrientationLandscapeRight";
				LD_RUNPATH_SEARCH_PATHS = (
					"$(inherited)",
					"@executable_path/Frameworks",
				);
				MARKETING_VERSION = 1.0;
				PRODUCT_BUNDLE_IDENTIFIER = marvynlevin.TimeTime;
				PRODUCT_NAME = "$(TARGET_NAME)";
				SWIFT_EMIT_LOC_STRINGS = YES;
				SWIFT_VERSION = 5.0;
				TARGETED_DEVICE_FAMILY = "1,2";
			};
			name = Release;
		};
/* End XCBuildConfiguration section */

/* Begin XCConfigurationList section */
		6A6EA3932D647F9400E229B0 /* Build configuration list for PBXProject "TimeTime" */ = {
			isa = XCConfigurationList;
			buildConfigurations = (
				6A6EA3A42D647F9500E229B0 /* Debug */,
				6A6EA3A52D647F9500E229B0 /* Release */,
			);
			defaultConfigurationIsVisible = 0;
			defaultConfigurationName = Release;
		};
		6A6EA3A62D647F9500E229B0 /* Build configuration list for PBXNativeTarget "TimeTime" */ = {
			isa = XCConfigurationList;
			buildConfigurations = (
				6A6EA3A72D647F9500E229B0 /* Debug */,
				6A6EA3A82D647F9500E229B0 /* Release */,
			);
			defaultConfigurationIsVisible = 0;
			defaultConfigurationName = Release;
		};
/* End XCConfigurationList section */
	};
	rootObject = 6A6EA3902D647F9400E229B0 /* Project object */;
}
